
Microsoft Visual Studio Solution File, Format Version 12.00
# Visual Studio Version 16
VisualStudioVersion = 16.0.31205.134
MinimumVisualStudioVersion = 10.0.40219.1
Project("{9A19103F-16F7-4668-BE54-9A1E7A4F7556}") = "DAL", "DAL\DAL.csproj", "{0ECDB5DE-E343-4485-8DE3-7554CB572703}"
EndProject
Project("{9A19103F-16F7-4668-BE54-9A1E7A4F7556}") = "BE", "BE\BE.csproj", "{80E8577D-F423-4817-B365-FB9A7B01B458}"
EndProject
Project("{9A19103F-16F7-4668-BE54-9A1E7A4F7556}") = "BL", "BL\BL.csproj", "{48ED226F-B1D1-49C7-B677-C470103D5F4F}"
EndProject
Project("{9A19103F-16F7-4668-BE54-9A1E7A4F7556}") = "DAL_test", "DAL_test\DAL_test.csproj", "{DE4864A8-84D8-4C87-A0B5-C4897AAD49B9}"
EndProject
Project("{FAE04EC0-301F-11D3-BF4B-00C04F79EFBC}") = "PLWPF", "PLWPF\PLWPF.csproj", "{D0152E75-1E4C-4326-ADE9-490D53DC6C5E}"
EndProject
Global
	GlobalSection(SolutionConfigurationPlatforms) = preSolution
		Debug|Any CPU = Debug|Any CPU
		Release|Any CPU = Release|Any CPU
	EndGlobalSection
	GlobalSection(ProjectConfigurationPlatforms) = postSolution
		{0ECDB5DE-E343-4485-8DE3-7554CB572703}.Debug|Any CPU.ActiveCfg = Debug|Any CPU
		{0ECDB5DE-E343-4485-8DE3-7554CB572703}.Debug|Any CPU.Build.0 = Debug|Any CPU
		{0ECDB5DE-E343-4485-8DE3-7554CB572703}.Release|Any CPU.ActiveCfg = Release|Any CPU
		{0ECDB5DE-E343-4485-8DE3-7554CB572703}.Release|Any CPU.Build.0 = Release|Any CPU
		{80E8577D-F423-4817-B365-FB9A7B01B458}.Debug|Any CPU.ActiveCfg = Debug|Any CPU
		{80E8577D-F423-4817-B365-FB9A7B01B458}.Debug|Any CPU.Build.0 = Debug|Any CPU
		{80E8577D-F423-4817-B365-FB9A7B01B458}.Release|Any CPU.ActiveCfg = Release|Any CPU
		{80E8577D-F423-4817-B365-FB9A7B01B458}.Release|Any CPU.Build.0 = Release|Any CPU
		{48ED226F-B1D1-49C7-B677-C470103D5F4F}.Debug|Any CPU.ActiveCfg = Debug|Any CPU
		{48ED226F-B1D1-49C7-B677-C470103D5F4F}.Debug|Any CPU.Build.0 = Debug|Any CPU
		{48ED226F-B1D1-49C7-B677-C470103D5F4F}.Release|Any CPU.ActiveCfg = Release|Any CPU
		{48ED226F-B1D1-49C7-B677-C470103D5F4F}.Release|Any CPU.Build.0 = Release|Any CPU
		{DE4864A8-84D8-4C87-A0B5-C4897AAD49B9}.Debug|Any CPU.ActiveCfg = Debug|Any CPU
		{DE4864A8-84D8-4C87-A0B5-C4897AAD49B9}.Debug|Any CPU.Build.0 = Debug|Any CPU
		{DE4864A8-84D8-4C87-A0B5-C4897AAD49B9}.Release|Any CPU.ActiveCfg = Release|Any CPU
		{DE4864A8-84D8-4C87-A0B5-C4897AAD49B9}.Release|Any CPU.Build.0 = Release|Any CPU
		{D0152E75-1E4C-4326-ADE9-490D53DC6C5E}.Debug|Any CPU.ActiveCfg = Debug|Any CPU
		{D0152E75-1E4C-4326-ADE9-490D53DC6C5E}.Debug|Any CPU.Build.0 = Debug|Any CPU
		{D0152E75-1E4C-4326-ADE9-490D53DC6C5E}.Release|Any CPU.ActiveCfg = Release|Any CPU
		{D0152E75-1E4C-4326-ADE9-490D53DC6C5E}.Release|Any CPU.Build.0 = Release|Any CPU
	EndGlobalSection
	GlobalSection(SolutionProperties) = preSolution
		HideSolutionNode = FALSE
	EndGlobalSection
	GlobalSection(ExtensibilityGlobals) = postSolution
		SolutionGuid = {56E3CBB3-5C10-4442-8038-ED9444E373E9}
	EndGlobalSection
EndGlobal
